# THIS IS AN AUTOGENERATED FILE. DO NOT EDIT THIS FILE DIRECTLY.
# yarn lockfile v1


"@codemirror/rangeset@^0.19.5":
  version "0.19.9"
  resolved "https://registry.npmmirror.com/@codemirror/rangeset/-/rangeset-0.19.9.tgz"
  integrity sha512-V8YUuOvK+ew87Xem+71nKcqu1SXd5QROMRLMS/ljT5/3MCxtgrRie1Cvild0G/Z2f1fpWxzX78V0U4jjXBorBQ==
  dependencies:
    "@codemirror/state" "^0.19.0"

"@codemirror/state@^0.19.0", "@codemirror/state@^0.19.3", "@codemirror/state@^0.19.6":
  version "0.19.9"
  resolved "https://registry.npmmirror.com/@codemirror/state/-/state-0.19.9.tgz"
  integrity sha512-psOzDolKTZkx4CgUqhBQ8T8gBc0xN5z4gzed109aF6x7D7umpDRoimacI/O6d9UGuyl4eYuDCZmDFr2Rq7aGOw==
  dependencies:
    "@codemirror/text" "^0.19.0"

"@codemirror/text@^0.19.0":
  version "0.19.6"
  resolved "https://registry.npmmirror.com/@codemirror/text/-/text-0.19.6.tgz"
  integrity sha512-T9jnREMIygx+TPC1bOuepz18maGq/92q2a+n4qTqObKwvNMg+8cMTslb8yxeEDEq7S3kpgGWxgO1UWbQRij0dA==

"@codemirror/view@^0.19.31":
  version "0.19.48"
  resolved "https://registry.npmmirror.com/@codemirror/view/-/view-0.19.48.tgz"
  integrity sha512-0eg7D2Nz4S8/caetCTz61rK0tkHI17V/d15Jy0kLOT8dTLGGNJUponDnW28h2B6bERmPlVHKh8MJIr5OCp1nGw==
  dependencies:
    "@codemirror/rangeset" "^0.19.5"
    "@codemirror/state" "^0.19.3"
    "@codemirror/text" "^0.19.0"
    style-mod "^4.0.0"
    w3c-keyname "^2.2.4"

"@eslint-community/eslint-utils@^4.9.1":
  version "4.9.1"
  resolved "https://registry.yarnpkg.com/@eslint-community/eslint-utils/-/eslint-utils-4.9.1.tgz#4e90af67bc51ddee6cdef5284edf572ec376b595"
  integrity sha512-phrYmNiYppR7znFEdqgfWHXR6NCkZEK7hwWDHZUjit/2/U0r6XvkDl0SYnoM51Hq7FhCGdLDT6zxCCOY1hexsQ==
  dependencies:
    eslint-visitor-keys "^3.4.3"

"@eslint-community/regexpp@^4.12.2":
  version "4.12.2"
  resolved "https://registry.yarnpkg.com/@eslint-community/regexpp/-/regexpp-4.12.2.tgz#bccdf615bcf7b6e8db830ec0b8d21c9a25de597b"
  integrity sha512-EriSTlt5OC9/7SXkRSCAhfSxxoSUgBm33OH+IkwbdpgoqsSsUg7y3uh+IICI/Qg4BBWr3U2i39RpmycbxMq4ew==

"@types/codemirror@0.0.108":
  version "0.0.108"
  resolved "https://registry.npmmirror.com/@types/codemirror/-/codemirror-0.0.108.tgz"
  integrity sha512-3FGFcus0P7C2UOGCNUVENqObEb4SFk+S8Dnxq7K6aIsLVs/vDtlangl3PEO0ykaKXyK56swVF6Nho7VsA44uhw==
  dependencies:
    "@types/tern" "*"

"@types/estree@*":
  version "0.0.51"
  resolved "https://registry.npmmirror.com/@types/estree/-/estree-0.0.51.tgz"
  integrity sha512-CuPgU6f3eT/XgKKPqKd/gLZV1Xmvf1a2R5POBOGQa6uv82xpls89HU5zKeVoyR8XzHd1RGNOlQlvUe3CFkjWNQ==

"@types/node@^16.11.6":
  version "16.11.39"
  resolved "https://registry.npmmirror.com/@types/node/-/node-16.11.39.tgz"
  integrity sha512-K0MsdV42vPwm9L6UwhIxMAOmcvH/1OoVkZyCgEtVu4Wx7sElGloy/W7kMBNe/oJ7V/jW9BVt1F6RahH6e7tPXw==

"@types/tern@*":
  version "0.23.4"
  resolved "https://registry.npmmirror.com/@types/tern/-/tern-0.23.4.tgz"
  integrity sha512-JAUw1iXGO1qaWwEOzxTKJZ/5JxVeON9kvGZ/osgZaJImBnyjyn0cjovPsf6FNLmyGY8Vw9DoXZCMlfMkMwHRWg==
  dependencies:
    "@types/estree" "*"

"@typescript-eslint/eslint-plugin@^8.56.0":
  version "8.56.0"
  resolved "https://registry.yarnpkg.com/@typescript-eslint/eslint-plugin/-/eslint-plugin-8.56.0.tgz#5aec3db807a6b8437ea5d5ebf7bd16b4119aba8d"
  integrity sha512-lRyPDLzNCuae71A3t9NEINBiTn7swyOhvUj3MyUOxb8x6g6vPEFoOU+ZRmGMusNC3X3YMhqMIX7i8ShqhT74Pw==
  dependencies:
    "@eslint-community/regexpp" "^4.12.2"
    "@typescript-eslint/scope-manager" "8.56.0"
    "@typescript-eslint/type-utils" "8.56.0"
    "@typescript-eslint/utils" "8.56.0"
    "@typescript-eslint/visitor-keys" "8.56.0"
    ignore "^7.0.5"
    natural-compare "^1.4.0"
    ts-api-utils "^2.4.0"

"@typescript-eslint/parser@^8.56.0":
  version "8.56.0"
  resolved "https://registry.yarnpkg.com/@typescript-eslint/parser/-/parser-8.56.0.tgz#8ecff1678b8b1a742d29c446ccf5eeea7f971d72"
  integrity sha512-IgSWvLobTDOjnaxAfDTIHaECbkNlAlKv2j5SjpB2v7QHKv1FIfjwMy8FsDbVfDX/KjmCmYICcw7uGaXLhtsLNg==
  dependencies:
    "@typescript-eslint/scope-manager" "8.56.0"
    "@typescript-eslint/types" "8.56.0"
    "@typescript-eslint/typescript-estree" "8.56.0"
    "@typescript-eslint/visitor-keys" "8.56.0"
    debug "^4.4.3"

"@typescript-eslint/project-service@8.56.0":
  version "8.56.0"
  resolved "https://registry.yarnpkg.com/@typescript-eslint/project-service/-/project-service-8.56.0.tgz#bb8562fecd8f7922e676fc6a1189c20dd7991d73"
  integrity sha512-M3rnyL1vIQOMeWxTWIW096/TtVP+8W3p/XnaFflhmcFp+U4zlxUxWj4XwNs6HbDeTtN4yun0GNTTDBw/SvufKg==
  dependencies:
    "@typescript-eslint/tsconfig-utils" "^8.56.0"
    "@typescript-eslint/types" "^8.56.0"
    debug "^4.4.3"

"@typescript-eslint/scope-manager@8.56.0":
  version "8.56.0"
  resolved "https://registry.yarnpkg.com/@typescript-eslint/scope-manager/-/scope-manager-8.56.0.tgz#604030a4c6433df3728effdd441d47f45a86edb4"
  integrity sha512-7UiO/XwMHquH+ZzfVCfUNkIXlp/yQjjnlYUyYz7pfvlK3/EyyN6BK+emDmGNyQLBtLGaYrTAI6KOw8tFucWL2w==
  dependencies:
    "@typescript-eslint/types" "8.56.0"
    "@typescript-eslint/visitor-keys" "8.56.0"

"@typescript-eslint/tsconfig-utils@8.56.0", "@typescript-eslint/tsconfig-utils@^8.56.0":
  version "8.56.0"
  resolved "https://registry.yarnpkg.com/@typescript-eslint/tsconfig-utils/-/tsconfig-utils-8.56.0.tgz#2538ce83cbc376e685487960cbb24b65fe2abc4e"
  integrity sha512-bSJoIIt4o3lKXD3xmDh9chZcjCz5Lk8xS7Rxn+6l5/pKrDpkCwtQNQQwZ2qRPk7TkUYhrq3WPIHXOXlbXP0itg==

"@typescript-eslint/type-utils@8.56.0":
  version "8.56.0"
  resolved "https://registry.yarnpkg.com/@typescript-eslint/type-utils/-/type-utils-8.56.0.tgz#72b4edc1fc73988998f1632b3ec99c2a66eaac6e"
  integrity sha512-qX2L3HWOU2nuDs6GzglBeuFXviDODreS58tLY/BALPC7iu3Fa+J7EOTwnX9PdNBxUI7Uh0ntP0YWGnxCkXzmfA==
  dependencies:
    "@typescript-eslint/types" "8.56.0"
    "@typescript-eslint/typescript-estree" "8.56.0"
    "@typescript-eslint/utils" "8.56.0"
    debug "^4.4.3"
    ts-api-utils "^2.4.0"

"@typescript-eslint/types@8.56.0", "@typescript-eslint/types@^8.56.0":
  version "8.56.0"
  resolved "https://registry.yarnpkg.com/@typescript-eslint/types/-/types-8.56.0.tgz#a2444011b9a98ca13d70411d2cbfed5443b3526a"
  integrity sha512-DBsLPs3GsWhX5HylbP9HNG15U0bnwut55Lx12bHB9MpXxQ+R5GC8MwQe+N1UFXxAeQDvEsEDY6ZYwX03K7Z6HQ==

"@typescript-eslint/typescript-estree@8.56.0":
  version "8.56.0"
  resolved "https://registry.yarnpkg.com/@typescript-eslint/typescript-estree/-/typescript-estree-8.56.0.tgz#fadbc74c14c5bac947db04980ff58bb178701c2e"
  integrity sha512-ex1nTUMWrseMltXUHmR2GAQ4d+WjkZCT4f+4bVsps8QEdh0vlBsaCokKTPlnqBFqqGaxilDNJG7b8dolW2m43Q==
  dependencies:
    "@typescript-eslint/project-service" "8.56.0"
    "@typescript-eslint/tsconfig-utils" "8.56.0"
    "@typescript-eslint/types" "8.56.0"
    "@typescript-eslint/visitor-keys" "8.56.0"
    debug "^4.4.3"
    minimatch "^9.0.5"
    semver "^7.7.3"
    tinyglobby "^0.2.15"
    ts-api-utils "^2.4.0"

"@typescript-eslint/utils@8.56.0":
  version "8.56.0"
  resolved "https://registry.yarnpkg.com/@typescript-eslint/utils/-/utils-8.56.0.tgz#063ce6f702ec603de1b83ee795ed5e877d6f7841"
  integrity sha512-RZ3Qsmi2nFGsS+n+kjLAYDPVlrzf7UhTffrDIKr+h2yzAlYP/y5ZulU0yeDEPItos2Ph46JAL5P/On3pe7kDIQ==
  dependencies:
    "@eslint-community/eslint-utils" "^4.9.1"
    "@typescript-eslint/scope-manager" "8.56.0"
    "@typescript-eslint/types" "8.56.0"
    "@typescript-eslint/typescript-estree" "8.56.0"

"@typescript-eslint/visitor-keys@8.56.0":
  version "8.56.0"
  resolved "https://registry.yarnpkg.com/@typescript-eslint/visitor-keys/-/visitor-keys-8.56.0.tgz#7d6592ab001827d3ce052155edf7ecad19688d7d"
  integrity sha512-q+SL+b+05Ud6LbEE35qe4A99P+htKTKVbyiNEe45eCbJFyh/HVK9QXwlrbz+Q4L8SOW4roxSVwXYj4DMBT7Ieg==
  dependencies:
    "@typescript-eslint/types" "8.56.0"
    eslint-visitor-keys "^5.0.0"

balanced-match@^1.0.0:
  version "1.0.2"
  resolved "https://registry.npmmirror.com/balanced-match/-/balanced-match-1.0.2.tgz"
  integrity sha512-3oSeUO0TMV67hN1AmbXsK4yaqU7tjiHlbxRDZOpH0KW9+CeX4bRAaX0Anxt0tx2MrpRpWwQaPwIlISEJhYU5Pw==

brace-expansion@^2.0.1:
  version "2.0.2"
  resolved "https://registry.yarnpkg.com/brace-expansion/-/brace-expansion-2.0.2.tgz#54fc53237a613d854c7bd37463aad17df87214e7"
  integrity sha512-Jt0vHyM+jmUBqojB7E1NIYadt0vI0Qxjxd2TErW94wDz+E2LAm5vKMXXwg6ZZBTHPuUlDgQHKXvjGBdfcF1ZDQ==
  dependencies:
    balanced-match "^1.0.0"

builtin-modules@^3.2.0:
  version "3.3.0"
  resolved "https://registry.npmmirror.com/builtin-modules/-/builtin-modules-3.3.0.tgz"
  integrity sha512-zhaCDicdLuWN5UbN5IMnFqNMhNfo919sH85y2/ea+5Yg9TsTkeZxpL+JLbp6cgYFS4sRLp3YV4S6yDuqVWHYOw==

debug@^4.4.3:
  version "4.4.3"
  resolved "https://registry.yarnpkg.com/debug/-/debug-4.4.3.tgz#c6ae432d9bd9662582fce08709b038c58e9e3d6a"
  integrity sha512-RGwwWnwQvkVfavKVt22FGLw+xYSdzARwm0ru6DhTVA3umU5hZc28V3kO4stgYryrTlLpuvgI9GiijltAjNbcqA==
  dependencies:
    ms "^2.1.3"

esbuild-android-arm64@0.13.12:
  version "0.13.12"
  resolved "https://registry.yarnpkg.com/esbuild-android-arm64/-/esbuild-android-arm64-0.13.12.tgz#e1f199dc05405cdc6670c00fb6c793822bf8ae4c"
  integrity sha512-TSVZVrb4EIXz6KaYjXfTzPyyRpXV5zgYIADXtQsIenjZ78myvDGaPi11o4ZSaHIwFHsuwkB6ne5SZRBwAQ7maw==

esbuild-darwin-64@0.13.12:
  version "0.13.12"
  resolved "https://registry.npmmirror.com/esbuild-darwin-64/-/esbuild-darwin-64-0.13.12.tgz"
  integrity sha512-c51C+N+UHySoV2lgfWSwwmlnLnL0JWj/LzuZt9Ltk9ub1s2Y8cr6SQV5W3mqVH1egUceew6KZ8GyI4nwu+fhsw==

esbuild-darwin-arm64@0.13.12:
  version "0.13.12"
  resolved "https://registry.yarnpkg.com/esbuild-darwin-arm64/-/esbuild-darwin-arm64-0.13.12.tgz#8abae74c2956a8aa568fc52c78829338c4a4b988"
  integrity sha512-JvAMtshP45Hd8A8wOzjkY1xAnTKTYuP/QUaKp5eUQGX+76GIie3fCdUUr2ZEKdvpSImNqxiZSIMziEiGB5oUmQ==

esbuild-freebsd-64@0.13.12:
  version "0.13.12"
  resolved "https://registry.yarnpkg.com/esbuild-freebsd-64/-/esbuild-freebsd-64-0.13.12.tgz#6ad2ab8c0364ee7dd2d6e324d876a8e60ae75d12"
  integrity sha512-r6On/Skv9f0ZjTu6PW5o7pdXr8aOgtFOEURJZYf1XAJs0IQ+gW+o1DzXjVkIoT+n1cm3N/t1KRJfX71MPg/ZUA==

esbuild-freebsd-arm64@0.13.12:
  version "0.13.12"
  resolved "https://registry.yarnpkg.com/esbuild-freebsd-arm64/-/esbuild-freebsd-arm64-0.13.12.tgz#6f38155f4c300ac4c8adde1fde3cc6a4440a8294"
  integrity sha512-F6LmI2Q1gii073kmBE3NOTt/6zLL5zvZsxNLF8PMAwdHc+iBhD1vzfI8uQZMJA1IgXa3ocr3L3DJH9fLGXy6Yw==

esbuild-linux-32@0.13.12:
  version "0.13.12"
  resolved "https://registry.yarnpkg.com/esbuild-linux-32/-/esbuild-linux-32-0.13.12.tgz#b1d15e330188a8c21de75c3f0058628a3eefade7"
  integrity sha512-U1UZwG3UIwF7/V4tCVAo/nkBV9ag5KJiJTt+gaCmLVWH3bPLX7y+fNlhIWZy8raTMnXhMKfaTvWZ9TtmXzvkuQ==

esbuild-linux-64@0.13.12:
  version "0.13.12"
  resolved "https://registry.yarnpkg.com/esbuild-linux-64/-/esbuild-linux-64-0.13.12.tgz#25bd64b66162b02348e32d8f12e4c9ee61f1d070"
  integrity sha512-YpXSwtu2NxN3N4ifJxEdsgd6Q5d8LYqskrAwjmoCT6yQnEHJSF5uWcxv783HWN7lnGpJi9KUtDvYsnMdyGw71Q==

esbuild-linux-arm64@0.13.12:
  version "0.13.12"
  resolved "https://registry.yarnpkg.com/esbuild-linux-arm64/-/esbuild-linux-arm64-0.13.12.tgz#ba582298457cc5c9ac823a275de117620c06537f"
  integrity sha512-sgDNb8kb3BVodtAlcFGgwk+43KFCYjnFOaOfJibXnnIojNWuJHpL6aQJ4mumzNWw8Rt1xEtDQyuGK9f+Y24jGA==

esbuild-linux-arm@0.13.12:
  version "0.13.12"
  resolved "https://registry.yarnpkg.com/esbuild-linux-arm/-/esbuild-linux-arm-0.13.12.tgz#6bc81c957bff22725688cc6359c29a25765be09b"
  integrity sha512-SyiT/JKxU6J+DY2qUiSLZJqCAftIt3uoGejZ0HDnUM2MGJqEGSGh7p1ecVL2gna3PxS4P+j6WAehCwgkBPXNIw==

esbuild-linux-mips64le@0.13.12:
  version "0.13.12"
  resolved "https://registry.yarnpkg.com/esbuild-linux-mips64le/-/esbuild-linux-mips64le-0.13.12.tgz#ef3c4aba3e585d847cbade5945a8b4a5c62c7ce2"
  integrity sha512-qQJHlZBG+QwVIA8AbTEtbvF084QgDi4DaUsUnA+EolY1bxrG+UyOuGflM2ZritGhfS/k7THFjJbjH2wIeoKA2g==

esbuild-linux-ppc64le@0.13.12:
  version "0.13.12"
  resolved "https://registry.yarnpkg.com/esbuild-linux-ppc64le/-/esbuild-linux-ppc64le-0.13.12.tgz#a21fb64e80c38bef06122e48283990fc6db578e1"
  integrity sha512-2dSnm1ldL7Lppwlo04CGQUpwNn5hGqXI38OzaoPOkRsBRWFBozyGxTFSee/zHFS+Pdh3b28JJbRK3owrrRgWNw==

esbuild-netbsd-64@0.13.12:
  version "0.13.12"
  resolved "https://registry.yarnpkg.com/esbuild-netbsd-64/-/esbuild-netbsd-64-0.13.12.tgz#1ea7fc8cfce88a20a4047b867ef184049a6641ae"
  integrity sha512-D4raxr02dcRiQNbxOLzpqBzcJNFAdsDNxjUbKkDMZBkL54Z0vZh4LRndycdZAMcIdizC/l/Yp/ZsBdAFxc5nbA==

esbuild-openbsd-64@0.13.12:
  version "0.13.12"
  resolved "https://registry.yarnpkg.com/esbuild-openbsd-64/-/esbuild-openbsd-64-0.13.12.tgz#adde32f2f1b05dc4bd4fc544d6ea5a4379f9ca4d"
  integrity sha512-KuLCmYMb2kh05QuPJ+va60bKIH5wHL8ypDkmpy47lzwmdxNsuySeCMHuTv5o2Af1RUn5KLO5ZxaZeq4GEY7DaQ==

esbuild-sunos-64@0.13.12:
  version "0.13.12"
  resolved "https://registry.yarnpkg.com/esbuild-sunos-64/-/esbuild-sunos-64-0.13.12.tgz#a7ecaf52b7364fbee76dc8aa707fa3e1cff3342c"
  integrity sha512-jBsF+e0woK3miKI8ufGWKG3o3rY9DpHvCVRn5eburMIIE+2c+y3IZ1srsthKyKI6kkXLvV4Cf/E7w56kLipMXw==

esbuild-windows-32@0.13.12:
  version "0.13.12"
  resolved "https://registry.yarnpkg.com/esbuild-windows-32/-/esbuild-windows-32-0.13.12.tgz#a8756033dc905c4b7bea19be69f7ee68809f8770"
  integrity sha512-L9m4lLFQrFeR7F+eLZXG82SbXZfUhyfu6CexZEil6vm+lc7GDCE0Q8DiNutkpzjv1+RAbIGVva9muItQ7HVTkQ==

esbuild-windows-64@0.13.12:
  version "0.13.12"
  resolved "https://registry.yarnpkg.com/esbuild-windows-64/-/esbuild-windows-64-0.13.12.tgz#ae694aa66ca078acb8509b2da31197ed1f40f798"
  integrity sha512-k4tX4uJlSbSkfs78W5d9+I9gpd+7N95W7H2bgOMFPsYREVJs31+Q2gLLHlsnlY95zBoPQMIzHooUIsixQIBjaQ==

esbuild-windows-arm64@0.13.12:
  version "0.13.12"
  resolved "https://registry.yarnpkg.com/esbuild-windows-arm64/-/esbuild-windows-arm64-0.13.12.tgz#782c5a8bd6d717ea55aaafe648f9926ca36a4a88"
  integrity sha512-2tTv/BpYRIvuwHpp2M960nG7uvL+d78LFW/ikPItO+2GfK51CswIKSetSpDii+cjz8e9iSPgs+BU4o8nWICBwQ==

esbuild@0.13.12:
  version "0.13.12"
  resolved "https://registry.npmmirror.com/esbuild/-/esbuild-0.13.12.tgz"
  integrity sha512-vTKKUt+yoz61U/BbrnmlG9XIjwpdIxmHB8DlPR0AAW6OdS+nBQBci6LUHU2q9WbBobMEIQxxDpKbkmOGYvxsow==
  optionalDependencies:
    esbuild-android-arm64 "0.13.12"
    esbuild-darwin-64 "0.13.12"
    esbuild-darwin-arm64 "0.13.12"
    esbuild-freebsd-64 "0.13.12"
    esbuild-freebsd-arm64 "0.13.12"
    esbuild-linux-32 "0.13.12"
    esbuild-linux-64 "0.13.12"
    esbuild-linux-arm "0.13.12"
    esbuild-linux-arm64 "0.13.12"
    esbuild-linux-mips64le "0.13.12"
    esbuild-linux-ppc64le "0.13.12"
    esbuild-netbsd-64 "0.13.12"
    esbuild-openbsd-64 "0.13.12"
    esbuild-sunos-64 "0.13.12"
    esbuild-windows-32 "0.13.12"
    esbuild-windows-64 "0.13.12"
    esbuild-windows-arm64 "0.13.12"

eslint-visitor-keys@^3.4.3:
  version "3.4.3"
  resolved "https://registry.yarnpkg.com/eslint-visitor-keys/-/eslint-visitor-keys-3.4.3.tgz#0cd72fe8550e3c2eae156a96a4dddcd1c8ac5800"
  integrity sha512-wpc+LXeiyiisxPlEkUzU6svyS1frIO3Mgxj1fdy7Pm8Ygzguax2N3Fa/D/ag1WqbOprdI+uY6wMUl8/a2G+iag==

eslint-visitor-keys@^5.0.0:
  version "5.0.0"
  resolved "https://registry.yarnpkg.com/eslint-visitor-keys/-/eslint-visitor-keys-5.0.0.tgz#b9aa1a74aa48c44b3ae46c1597ce7171246a94a9"
  integrity sha512-A0XeIi7CXU7nPlfHS9loMYEKxUaONu/hTEzHTGba9Huu94Cq1hPivf+DE5erJozZOky0LfvXAyrV/tcswpLI0Q==

fdir@^6.5.0:
  version "6.5.0"
  resolved "https://registry.yarnpkg.com/fdir/-/fdir-6.5.0.tgz#ed2ab967a331ade62f18d077dae192684d50d350"
  integrity sha512-tIbYtZbucOs0BRGqPJkshJUYdL+SDH7dVM8gjy+ERp3WAUjLEFJE+02kanyHtwjWOnwrKYBiwAmM0p4kLJAnXg==

ignore@^7.0.5:
  version "7.0.5"
  resolved "https://registry.yarnpkg.com/ignore/-/ignore-7.0.5.tgz#4cb5f6cd7d4c7ab0365738c7aea888baa6d7efd9"
  integrity sha512-Hs59xBNfUIunMFgWAbGX5cq6893IbWg4KnrjbYwX3tx0ztorVgTDA6B2sxf8ejHJ4wz8BqGUMYlnzNBer5NvGg==

minimatch@^9.0.5:
  version "9.0.5"
  resolved "https://registry.yarnpkg.com/minimatch/-/minimatch-9.0.5.tgz#d74f9dd6b57d83d8e98cfb82133b03978bc929e5"
  integrity sha512-G6T0ZX48xgozx7587koeX9Ys2NYy6Gmv//P89sEte9V9whIapMNF4idKxnW2QtCcLiTWlb/wfCabAtAFWhhBow==
  dependencies:
    brace-expansion "^2.0.1"

moment@2.29.2:
  version "2.29.2"
  resolved "https://registry.npmmirror.com/moment/-/moment-2.29.2.tgz"
  integrity sha512-UgzG4rvxYpN15jgCmVJwac49h9ly9NurikMWGPdVxm8GZD6XjkKPxDTjQQ43gtGgnV3X0cAyWDdP2Wexoquifg==

ms@^2.1.3:
  version "2.1.3"
  resolved "https://registry.yarnpkg.com/ms/-/ms-2.1.3.tgz#574c8138ce1d2b5861f0b44579dbadd60c6615b2"
  integrity sha512-6FlzubTLZG3J2a/NVCAleEhjzq5oxgHyaCU9yYXvcLsvoVaHJq/s5xXI6/XXP6tz7R9xAOtHnSO/tXtF3WRTlA==

natural-compare@^1.4.0:
  version "1.4.0"
  resolved "https://registry.npmmirror.com/natural-compare/-/natural-compare-1.4.0.tgz"
  integrity sha512-OWND8ei3VtNC9h7V60qff3SVobHr996CTwgxubgyQYEpg290h9J0buyECNNJexkFm5sOajh5G116RYA1c8ZMSw==

obsidian@latest:
  version "0.14.8"
  resolved "https://registry.npmmirror.com/obsidian/-/obsidian-0.14.8.tgz"
  integrity sha512-CQz+B2HSbhGVEBwZBL3rPl29ruOBmEhCbBmW7PIILnnRh6fFFvYy3kZLHVTUidzvRGZnEW/mQ7n9LXeJCp2a/Q==
  dependencies:
    "@codemirror/state" "^0.19.6"
    "@codemirror/view" "^0.19.31"
    "@types/codemirror" "0.0.108"
    moment "2.29.2"

picomatch@^4.0.3:
  version "4.0.3"
  resolved "https://registry.yarnpkg.com/picomatch/-/picomatch-4.0.3.tgz#796c76136d1eead715db1e7bad785dedd695a042"
  integrity sha512-5gTmgEY/sqK6gFXLIsQNH19lWb4ebPDLA4SdLP7dsWkIXHWlG66oPuVvXSGFPppYZz8ZDZq0dYYrbHfBCVUb1Q==

semver@^7.7.3:
  version "7.7.4"
  resolved "https://registry.yarnpkg.com/semver/-/semver-7.7.4.tgz#28464e36060e991fa7a11d0279d2d3f3b57a7e8a"
  integrity sha512-vFKC2IEtQnVhpT78h1Yp8wzwrf8CM+MzKMHGJZfBtzhZNycRFnXsHk6E5TxIkkMsgNS7mdX3AGB7x2QM2di4lA==

style-mod@^4.0.0:
  version "4.0.0"
  resolved "https://registry.npmmirror.com/style-mod/-/style-mod-4.0.0.tgz"
  integrity sha512-OPhtyEjyyN9x3nhPsu76f52yUGXiZcgvsrFVtvTkyGRQJ0XK+GPc6ov1z+lRpbeabka+MYEQxOYRnt5nF30aMw==

tinyglobby@^0.2.15:
  version "0.2.15"
  resolved "https://registry.yarnpkg.com/tinyglobby/-/tinyglobby-0.2.15.tgz#e228dd1e638cea993d2fdb4fcd2d4602a79951c2"
  integrity sha512-j2Zq4NyQYG5XMST4cbs02Ak8iJUdxRM0XI5QyxXuZOzKOINmWurp3smXu3y5wDcJrptwpSjgXHzIQxR0omXljQ==
  dependencies:
    fdir "^6.5.0"
    picomatch "^4.0.3"

ts-api-utils@^2.4.0:
  version "2.4.0"
  resolved "https://registry.yarnpkg.com/ts-api-utils/-/ts-api-utils-2.4.0.tgz#2690579f96d2790253bdcf1ca35d569ad78f9ad8"
  integrity sha512-3TaVTaAv2gTiMB35i3FiGJaRfwb3Pyn/j3m/bfAvGe8FB7CF6u+LMYqYlDh7reQf7UNvoTvdfAqHGmPGOSsPmA==

tslib@2.3.1:
  version "2.3.1"
  resolved "https://registry.npmmirror.com/tslib/-/tslib-2.3.1.tgz"
  integrity sha512-77EbyPPpMz+FRFRuAFlWMtmgUWGe9UOG2Z25NqCwiIjRhOf5iKGuzSe5P2w1laq+FkRy4p+PCuVkJSGkzTEKVw==

typescript@4.4.4:
  version "4.4.4"
  resolved "https://registry.npmmirror.com/typescript/-/typescript-4.4.4.tgz"
  integrity sha512-DqGhF5IKoBl8WNf8C1gu8q0xZSInh9j1kJJMqT3a94w1JzVaBU4EXOSMrz9yDqMT0xt3selp83fuFMQ0uzv6qA==

w3c-keyname@^2.2.4:
  version "2.2.4"
  resolved "https://registry.npmmirror.com/w3c-keyname/-/w3c-keyname-2.2.4.tgz"
  integrity sha512-tOhfEwEzFLJzf6d1ZPkYfGj+FWhIpBux9ppoP3rlclw3Z0BZv3N7b7030Z1kYth+6rDuAsXUFr+d0VE6Ed1ikw==
